# This file is autogenerated, do not edit; changes may be undone by the next 'dep ensure'.


[[projects]]
  name = "github.com/aws/aws-sdk-go"
  packages = ["aws","aws/awserr","aws/awsutil","aws/client","aws/client/metadata","aws/corehandlers","aws/credentials","aws/credentials/ec2rolecreds","aws/credentials/endpointcreds","aws/credentials/stscreds","aws/defaults","aws/ec2metadata","aws/endpoints","aws/request","aws/session","aws/signer/v4","internal/shareddefaults","private/protocol","private/protocol/json/jsonutil","private/protocol/jsonrpc","private/protocol/query","private/protocol/query/queryutil","private/protocol/rest","private/protocol/xml/xmlutil","service/dynamodb","service/dynamodb/dynamodbattribute","service/dynamodb/dynamodbiface","service/sts"]
  revision = "af01be3e6edf79e6f07b5816cfe0d2c6717e5c7f"
  version = "v1.10.41"

[[projects]]
  name = "github.com/cenkalti/backoff"
  packages = ["."]
  revision = "61153c768f31ee5f130071d08fc82b85208528de"
  version = "v1.1.0"

[[projects]]
  name = "github.com/davecgh/go-spew"
  packages = ["spew"]
  revision = "346938d642f2ec3594ed81d874461961cd0faa76"
  version = "v1.1.0"

[[projects]]
  branch = "master"
  name = "github.com/eawsy/aws-lambda-go-core"
  packages = ["service/lambda/runtime"]
  revision = "e26eed6aa244a3d45aa693816a9c5faf39390fcd"

[[projects]]
  branch = "master"
  name = "github.com/eawsy/aws-lambda-go-event"
  packages = ["service/lambda/runtime/event/apigatewayproxyevt"]
  revision = "a318481f661f091bafea408f9967cb1ac5bf8905"

[[projects]]
  name = "github.com/go-ini/ini"
  packages = ["."]
  revision = "20b96f641a5ea98f2f8619ff4f3e061cff4833bd"
  version = "v1.28.2"

[[projects]]
  branch = "master"
  name = "github.com/guregu/dynamo"
  packages = [".","internal/exprs"]
  revision = "713283dccf03c07ed49995e8d2db017f152a9ff8"

[[projects]]
  name = "github.com/jmespath/go-jmespath"
  packages = ["."]
  revision = "3433f3ea46d9f8019119e7dd41274e112a2359a9"
  version = "0.2.2"

[[projects]]
  name = "github.com/kelseyhightower/envconfig"
  packages = ["."]
  revision = "f611eb38b3875cc3bd991ca91c51d06446afa14c"
  version = "v1.3.0"

[[projects]]
  name = "github.com/pmezard/go-difflib"
  packages = ["difflib"]
  revision = "792786c7400a136282c1664665ae0a8db921c6c2"
  version = "v1.0.0"

[[projects]]
  name = "github.com/satori/go.uuid"
  packages = ["."]
  revision = "879c5887cd475cd7864858769793b2ceb0d44feb"
  version = "v1.1.0"

[[projects]]
  branch = "master"
  name = "github.com/stretchr/testify"
  packages = ["assert"]
  revision = "890a5c3458b43e6104ff5da8dfa139d013d77544"

[[projects]]
  branch = "master"
  name = "github.com/yunspace/serverless-golang"
  packages = ["api","aws/event/apigateway","examples/todo"]
  revision = "01314b0a88cb714d5bc8e92c464d2047eeaae1a7"

[[projects]]
  branch = "master"
  name = "golang.org/x/net"
  packages = ["context"]
  revision = "66aacef3dd8a676686c7ae3716979581e8b03c47"

[solve-meta]
  analyzer-name = "dep"
  analyzer-version = 1
  inputs-digest = "28cb465a5e9d0b978e27ea6e7345012d7c296cc50ced97494d8dd1b3f94ef16a"
  solver-name = "gps-cdcl"
  solver-version = 1
