# This file is autogenerated, do not edit; changes may be undone by the next 'dep ensure'.


[[projects]]
  name = "github.com/davecgh/go-spew"
  packages = ["spew"]
  revision = "346938d642f2ec3594ed81d874461961cd0faa76"
  version = "v1.1.0"

[[projects]]
  branch = "master"
  name = "github.com/eawsy/aws-lambda-go-core"
  packages = ["service/lambda/runtime"]
  revision = "e26eed6aa244a3d45aa693816a9c5faf39390fcd"

[[projects]]
  branch = "master"
  name = "github.com/eawsy/aws-lambda-go-event"
  packages = ["service/lambda/runtime/event/apigatewayproxyevt","service/lambda/runtime/event/kinesisstreamsevt"]
  revision = "a318481f661f091bafea408f9967cb1ac5bf8905"

[[projects]]
  name = "github.com/pmezard/go-difflib"
  packages = ["difflib"]
  revision = "792786c7400a136282c1664665ae0a8db921c6c2"
  version = "v1.0.0"

[[projects]]
  branch = "master"
  name = "github.com/stretchr/testify"
  packages = ["assert"]
  revision = "f6abca593680b2315d2075e0f5e2a9751e3f431a"

[[projects]]
  branch = "master"
  name = "github.com/yunspace/serverless-golang"
  packages = ["aws/event/apigateway"]
  revision = "4d1ca5c70ba76035ecadce7c8093d694d50199a0"

[solve-meta]
  analyzer-name = "dep"
  analyzer-version = 1
  inputs-digest = "ec25cb8556e65bea2bddc32dd579e03fd9fe27267d10dcb7f63e08e49214060a"
  solver-name = "gps-cdcl"
  solver-version = 1
