# This file is autogenerated, do not edit; changes may be undone by the next 'dep ensure'.


[[projects]]
  branch = "master"
  name = "github.com/eawsy/aws-lambda-go-core"
  packages = ["service/lambda/runtime"]
  revision = "e26eed6aa244a3d45aa693816a9c5faf39390fcd"

[[projects]]
  branch = "master"
  name = "github.com/eawsy/aws-lambda-go-event"
  packages = ["service/lambda/runtime/event/apigatewayproxyevt"]
  revision = "a318481f661f091bafea408f9967cb1ac5bf8905"

[[projects]]
  branch = "master"
  name = "github.com/eawsy/aws-lambda-go-net"
  packages = ["service/lambda/runtime/net","service/lambda/runtime/net/apigatewayproxy"]
  revision = "5bc0f1130ff6a7590f08add77c01f23bb58772c1"

[[projects]]
  branch = "master"
  name = "github.com/neelance/graphql-go"
  packages = [".","errors","internal/common","internal/exec","internal/exec/packer","internal/exec/resolvable","internal/exec/selected","internal/query","internal/schema","internal/validation","introspection","log","relay","trace"]
  revision = "10eb949b8f4439212ef19d5d924c47c10c110cc7"

[[projects]]
  name = "github.com/opentracing/opentracing-go"
  packages = [".","ext","log"]
  revision = "1949ddbfd147afd4d964a9f00b24eb291e0e7c38"
  version = "v1.0.2"

[[projects]]
  branch = "master"
  name = "golang.org/x/net"
  packages = ["context"]
  revision = "859d1a86bb617c0c20d154590c3c5d3fcb670b07"

[solve-meta]
  analyzer-name = "dep"
  analyzer-version = 1
  inputs-digest = "73cfe439cf9975444093159d9dd37240f50b7d0809ee3025acbe6e66fd1ba6c3"
  solver-name = "gps-cdcl"
  solver-version = 1
